{
  "object": {
    "pins": [
      {
        "package": "Socket",
        "repositoryURL": "https://github.com/IBM-Swift/BlueSocket",
        "state": {
          "branch": null,
          "revision": "c46a3d41f5b2401d18bcb46d0101cdc5cd13e307",
          "version": "1.0.52"
        }
      },
      {
        "package": "Networking",
        "repositoryURL": "https://github.com/3lvis/Networking.git",
        "state": {
          "branch": "master",
          "revision": "232fcd7eb250f801082d64cc265dc5bd1af7192e",
          "version": null
        }
      },
      {
        "package": "Shout",
        "repositoryURL": "https://github.com/jakeheis/Shout.git",
        "state": {
          "branch": "master",
          "revision": "bc3ef3a4e26732c5fe4d4bd79281dcd57883a695",
          "version": null
        }
      }
    ]
  },
  "version": 1
}
